<Solution>
  <Project Path="Snake/Snake.Android/Snake.Android.csproj">
    <Deploy />
  </Project>
  <Project Path="Snake/Snake.Core/Snake.Core.csproj" />
  <Project Path="Snake/Snake.DesktopGL/Snake.DesktopGL.csproj" />
  <Project Path="Snake/Snake.iOS/Snake.iOS.csproj">
    <Deploy />
  </Project>
</Solution>
